
Microsoft Visual Studio Solution File, Format Version 12.00
# Visual Studio Version 16
VisualStudioVersion = 16.0.31229.75
MinimumVisualStudioVersion = 10.0.40219.1
Project("{FAE04EC0-301F-11D3-BF4B-00C04F79EFBC}") = "MusicApp", "MusicApp\MusicApp.csproj", "{4F7A24B3-EF4C-476F-B72F-52E9A32C5AE1}"
EndProject
Global
	GlobalSection(SolutionConfigurationPlatforms) = preSolution
		Debug|Any CPU = Debug|Any CPU
		Release|Any CPU = Release|Any CPU
	EndGlobalSection
	GlobalSection(ProjectConfigurationPlatforms) = postSolution
		{4F7A24B3-EF4C-476F-B72F-52E9A32C5AE1}.Debug|Any CPU.ActiveCfg = Debug|Any CPU
		{4F7A24B3-EF4C-476F-B72F-52E9A32C5AE1}.Debug|Any CPU.Build.0 = Debug|Any CPU
		{4F7A24B3-EF4C-476F-B72F-52E9A32C5AE1}.Release|Any CPU.ActiveCfg = Release|Any CPU
		{4F7A24B3-EF4C-476F-B72F-52E9A32C5AE1}.Release|Any CPU.Build.0 = Release|Any CPU
	EndGlobalSection
	GlobalSection(SolutionProperties) = preSolution
		HideSolutionNode = FALSE
	EndGlobalSection
	GlobalSection(ExtensibilityGlobals) = postSolution
		SolutionGuid = {5BB2C43D-D08A-4D51-9F10-187296BC6C90}
	EndGlobalSection
EndGlobal
